
Microsoft Visual Studio Solution File, Format Version 12.00
# Visual Studio 15
VisualStudioVersion = 15.0.27428.2015
MinimumVisualStudioVersion = 10.0.40219.1
Project("{A07B5EB6-E848-4116-A8D0-A826331D98C6}") = "MyApplication1", "MyApplication1\MyApplication1.sfproj", "{3C05B5F8-9723-4FEA-8511-8E6CA0171534}"
EndProject
Project("{FAE04EC0-301F-11D3-BF4B-00C04F79EFBC}") = "HelloWorld", "HelloWorld\HelloWorld.csproj", "{FD320D5F-13F3-4D61-8205-1A9BA208C184}"
EndProject
Project("{FAE04EC0-301F-11D3-BF4B-00C04F79EFBC}") = "HelloWorld.Interfaces", "HelloWorld.Interfaces\HelloWorld.Interfaces.csproj", "{0DC04AF3-8D5D-42D8-87F9-4A908B7F4F33}"
EndProject
Global
	GlobalSection(SolutionConfigurationPlatforms) = preSolution
		Debug|Any CPU = Debug|Any CPU
		Debug|x64 = Debug|x64
		Release|Any CPU = Release|Any CPU
		Release|x64 = Release|x64
	EndGlobalSection
	GlobalSection(ProjectConfigurationPlatforms) = postSolution
		{3C05B5F8-9723-4FEA-8511-8E6CA0171534}.Debug|Any CPU.ActiveCfg = Debug|x64
		{3C05B5F8-9723-4FEA-8511-8E6CA0171534}.Debug|x64.ActiveCfg = Debug|x64
		{3C05B5F8-9723-4FEA-8511-8E6CA0171534}.Debug|x64.Build.0 = Debug|x64
		{3C05B5F8-9723-4FEA-8511-8E6CA0171534}.Debug|x64.Deploy.0 = Debug|x64
		{3C05B5F8-9723-4FEA-8511-8E6CA0171534}.Release|Any CPU.ActiveCfg = Release|x64
		{3C05B5F8-9723-4FEA-8511-8E6CA0171534}.Release|x64.ActiveCfg = Release|x64
		{3C05B5F8-9723-4FEA-8511-8E6CA0171534}.Release|x64.Build.0 = Release|x64
		{3C05B5F8-9723-4FEA-8511-8E6CA0171534}.Release|x64.Deploy.0 = Release|x64
		{FD320D5F-13F3-4D61-8205-1A9BA208C184}.Debug|Any CPU.ActiveCfg = Debug|Any CPU
		{FD320D5F-13F3-4D61-8205-1A9BA208C184}.Debug|Any CPU.Build.0 = Debug|Any CPU
		{FD320D5F-13F3-4D61-8205-1A9BA208C184}.Debug|x64.ActiveCfg = Debug|Any CPU
		{FD320D5F-13F3-4D61-8205-1A9BA208C184}.Debug|x64.Build.0 = Debug|Any CPU
		{FD320D5F-13F3-4D61-8205-1A9BA208C184}.Release|Any CPU.ActiveCfg = Release|Any CPU
		{FD320D5F-13F3-4D61-8205-1A9BA208C184}.Release|Any CPU.Build.0 = Release|Any CPU
		{FD320D5F-13F3-4D61-8205-1A9BA208C184}.Release|x64.ActiveCfg = Release|Any CPU
		{FD320D5F-13F3-4D61-8205-1A9BA208C184}.Release|x64.Build.0 = Release|Any CPU
		{0DC04AF3-8D5D-42D8-87F9-4A908B7F4F33}.Debug|Any CPU.ActiveCfg = Debug|Any CPU
		{0DC04AF3-8D5D-42D8-87F9-4A908B7F4F33}.Debug|Any CPU.Build.0 = Debug|Any CPU
		{0DC04AF3-8D5D-42D8-87F9-4A908B7F4F33}.Debug|x64.ActiveCfg = Debug|Any CPU
		{0DC04AF3-8D5D-42D8-87F9-4A908B7F4F33}.Debug|x64.Build.0 = Debug|Any CPU
		{0DC04AF3-8D5D-42D8-87F9-4A908B7F4F33}.Release|Any CPU.ActiveCfg = Release|Any CPU
		{0DC04AF3-8D5D-42D8-87F9-4A908B7F4F33}.Release|Any CPU.Build.0 = Release|Any CPU
		{0DC04AF3-8D5D-42D8-87F9-4A908B7F4F33}.Release|x64.ActiveCfg = Release|Any CPU
		{0DC04AF3-8D5D-42D8-87F9-4A908B7F4F33}.Release|x64.Build.0 = Release|Any CPU
	EndGlobalSection
	GlobalSection(SolutionProperties) = preSolution
		HideSolutionNode = FALSE
	EndGlobalSection
	GlobalSection(ExtensibilityGlobals) = postSolution
		SolutionGuid = {BCA28690-58BB-4EAA-BC9F-0B2666CC4B1C}
	EndGlobalSection
EndGlobal
